
Microsoft Visual Studio Solution File, Format Version 12.00
# Visual Studio Version 17
VisualStudioVersion = 17.11.35219.272
MinimumVisualStudioVersion = 10.0.40219.1
Project("{9A19103F-16F7-4668-BE54-9A1E7A4F7556}") = "CloneCW", "CloneCW\CloneCW.csproj", "{4B65C03D-46A8-4C79-9A94-7489FA393CC5}"
EndProject
Project("{9A19103F-16F7-4668-BE54-9A1E7A4F7556}") = "week 3 cw", "week 3 cw\week 3 cw.csproj", "{57774C42-0B09-4D79-8A81-6F5BADDAD151}"
EndProject
Project("{9A19103F-16F7-4668-BE54-9A1E7A4F7556}") = "week 4", "week 4\week 4.csproj", "{059787B1-C1C1-4E40-990E-FC52FE350065}"
EndProject
Project("{9A19103F-16F7-4668-BE54-9A1E7A4F7556}") = "week 4 project2", "week 4 project2\week 4 project2.csproj", "{67B49DAB-0ECC-4866-82E3-52CF56E80BA4}"
EndProject
Project("{9A19103F-16F7-4668-BE54-9A1E7A4F7556}") = "week 5 project", "week 5 project\week 5 project.csproj", "{9CE26FBC-D9B0-46CE-9AA7-E3688876F5BD}"
EndProject
Project("{9A19103F-16F7-4668-BE54-9A1E7A4F7556}") = "week 5 CW", "week 5 CW\week 5 CW.csproj", "{09D671B6-4CA6-44AE-8248-F351E1141C7C}"
EndProject
Project("{9A19103F-16F7-4668-BE54-9A1E7A4F7556}") = "week 6 project", "week 6 project\week 6 project.csproj", "{A573F7DC-9D4D-44E4-9D49-DF3D0E015A2A}"
EndProject
Project("{9A19103F-16F7-4668-BE54-9A1E7A4F7556}") = "CW-week_6", "CW-week_6\CW-week_6.csproj", "{D38FC03D-D0F9-4677-8637-FF4E58EF0D4B}"
EndProject
Project("{9A19103F-16F7-4668-BE54-9A1E7A4F7556}") = "week 7 project(final)", "week 7 project\week 7 project(final).csproj", "{6A8A1635-7854-438C-8D5A-D973E8638BC3}"
EndProject
Project("{9A19103F-16F7-4668-BE54-9A1E7A4F7556}") = "ConsoleApp1", "ConsoleApp1\ConsoleApp1.csproj", "{380D5B0B-12BB-43E4-A2D0-A7FC91DD61FA}"
EndProject
Project("{9A19103F-16F7-4668-BE54-9A1E7A4F7556}") = "project 7 with (bonus)", "project 7 with (bonus)\project 7 with (bonus).csproj", "{922BBB26-6240-42B0-8E88-213CB8B5F20A}"
EndProject
Project("{FAE04EC0-301F-11D3-BF4B-00C04F79EFBC}") = "arrays week 9(CW)", "arrays week 9\arrays week 9(CW).csproj", "{89F4875B-FDFB-4B83-8B48-13CA7647CED5}"
EndProject
Project("{FAE04EC0-301F-11D3-BF4B-00C04F79EFBC}") = "week 9 cw", "week 9 cw\week 9 cw.csproj", "{85ECD2EE-54D9-4821-95C7-253FCB3630F9}"
EndProject
Project("{FAE04EC0-301F-11D3-BF4B-00C04F79EFBC}") = "week 9 project", "week 9 project\week 9 project.csproj", "{FA622A47-CEF2-4DF8-83A0-743CFF5D4A70}"
EndProject
Global
	GlobalSection(SolutionConfigurationPlatforms) = preSolution
		Debug|Any CPU = Debug|Any CPU
		Release|Any CPU = Release|Any CPU
	EndGlobalSection
	GlobalSection(ProjectConfigurationPlatforms) = postSolution
		{4B65C03D-46A8-4C79-9A94-7489FA393CC5}.Debug|Any CPU.ActiveCfg = Debug|Any CPU
		{4B65C03D-46A8-4C79-9A94-7489FA393CC5}.Debug|Any CPU.Build.0 = Debug|Any CPU
		{4B65C03D-46A8-4C79-9A94-7489FA393CC5}.Release|Any CPU.ActiveCfg = Release|Any CPU
		{4B65C03D-46A8-4C79-9A94-7489FA393CC5}.Release|Any CPU.Build.0 = Release|Any CPU
		{57774C42-0B09-4D79-8A81-6F5BADDAD151}.Debug|Any CPU.ActiveCfg = Debug|Any CPU
		{57774C42-0B09-4D79-8A81-6F5BADDAD151}.Debug|Any CPU.Build.0 = Debug|Any CPU
		{57774C42-0B09-4D79-8A81-6F5BADDAD151}.Release|Any CPU.ActiveCfg = Release|Any CPU
		{57774C42-0B09-4D79-8A81-6F5BADDAD151}.Release|Any CPU.Build.0 = Release|Any CPU
		{059787B1-C1C1-4E40-990E-FC52FE350065}.Debug|Any CPU.ActiveCfg = Debug|Any CPU
		{059787B1-C1C1-4E40-990E-FC52FE350065}.Debug|Any CPU.Build.0 = Debug|Any CPU
		{059787B1-C1C1-4E40-990E-FC52FE350065}.Release|Any CPU.ActiveCfg = Release|Any CPU
		{059787B1-C1C1-4E40-990E-FC52FE350065}.Release|Any CPU.Build.0 = Release|Any CPU
		{67B49DAB-0ECC-4866-82E3-52CF56E80BA4}.Debug|Any CPU.ActiveCfg = Debug|Any CPU
		{67B49DAB-0ECC-4866-82E3-52CF56E80BA4}.Debug|Any CPU.Build.0 = Debug|Any CPU
		{67B49DAB-0ECC-4866-82E3-52CF56E80BA4}.Release|Any CPU.ActiveCfg = Release|Any CPU
		{67B49DAB-0ECC-4866-82E3-52CF56E80BA4}.Release|Any CPU.Build.0 = Release|Any CPU
		{9CE26FBC-D9B0-46CE-9AA7-E3688876F5BD}.Debug|Any CPU.ActiveCfg = Debug|Any CPU
		{9CE26FBC-D9B0-46CE-9AA7-E3688876F5BD}.Debug|Any CPU.Build.0 = Debug|Any CPU
		{9CE26FBC-D9B0-46CE-9AA7-E3688876F5BD}.Release|Any CPU.ActiveCfg = Release|Any CPU
		{9CE26FBC-D9B0-46CE-9AA7-E3688876F5BD}.Release|Any CPU.Build.0 = Release|Any CPU
		{09D671B6-4CA6-44AE-8248-F351E1141C7C}.Debug|Any CPU.ActiveCfg = Debug|Any CPU
		{09D671B6-4CA6-44AE-8248-F351E1141C7C}.Debug|Any CPU.Build.0 = Debug|Any CPU
		{09D671B6-4CA6-44AE-8248-F351E1141C7C}.Release|Any CPU.ActiveCfg = Release|Any CPU
		{09D671B6-4CA6-44AE-8248-F351E1141C7C}.Release|Any CPU.Build.0 = Release|Any CPU
		{A573F7DC-9D4D-44E4-9D49-DF3D0E015A2A}.Debug|Any CPU.ActiveCfg = Debug|Any CPU
		{A573F7DC-9D4D-44E4-9D49-DF3D0E015A2A}.Debug|Any CPU.Build.0 = Debug|Any CPU
		{A573F7DC-9D4D-44E4-9D49-DF3D0E015A2A}.Release|Any CPU.ActiveCfg = Release|Any CPU
		{A573F7DC-9D4D-44E4-9D49-DF3D0E015A2A}.Release|Any CPU.Build.0 = Release|Any CPU
		{D38FC03D-D0F9-4677-8637-FF4E58EF0D4B}.Debug|Any CPU.ActiveCfg = Debug|Any CPU
		{D38FC03D-D0F9-4677-8637-FF4E58EF0D4B}.Debug|Any CPU.Build.0 = Debug|Any CPU
		{D38FC03D-D0F9-4677-8637-FF4E58EF0D4B}.Release|Any CPU.ActiveCfg = Release|Any CPU
		{D38FC03D-D0F9-4677-8637-FF4E58EF0D4B}.Release|Any CPU.Build.0 = Release|Any CPU
		{6A8A1635-7854-438C-8D5A-D973E8638BC3}.Debug|Any CPU.ActiveCfg = Debug|Any CPU
		{6A8A1635-7854-438C-8D5A-D973E8638BC3}.Debug|Any CPU.Build.0 = Debug|Any CPU
		{6A8A1635-7854-438C-8D5A-D973E8638BC3}.Release|Any CPU.ActiveCfg = Release|Any CPU
		{6A8A1635-7854-438C-8D5A-D973E8638BC3}.Release|Any CPU.Build.0 = Release|Any CPU
		{380D5B0B-12BB-43E4-A2D0-A7FC91DD61FA}.Debug|Any CPU.ActiveCfg = Debug|Any CPU
		{380D5B0B-12BB-43E4-A2D0-A7FC91DD61FA}.Debug|Any CPU.Build.0 = Debug|Any CPU
		{380D5B0B-12BB-43E4-A2D0-A7FC91DD61FA}.Release|Any CPU.ActiveCfg = Release|Any CPU
		{380D5B0B-12BB-43E4-A2D0-A7FC91DD61FA}.Release|Any CPU.Build.0 = Release|Any CPU
		{922BBB26-6240-42B0-8E88-213CB8B5F20A}.Debug|Any CPU.ActiveCfg = Debug|Any CPU
		{922BBB26-6240-42B0-8E88-213CB8B5F20A}.Debug|Any CPU.Build.0 = Debug|Any CPU
		{922BBB26-6240-42B0-8E88-213CB8B5F20A}.Release|Any CPU.ActiveCfg = Release|Any CPU
		{922BBB26-6240-42B0-8E88-213CB8B5F20A}.Release|Any CPU.Build.0 = Release|Any CPU
		{89F4875B-FDFB-4B83-8B48-13CA7647CED5}.Debug|Any CPU.ActiveCfg = Debug|Any CPU
		{89F4875B-FDFB-4B83-8B48-13CA7647CED5}.Debug|Any CPU.Build.0 = Debug|Any CPU
		{89F4875B-FDFB-4B83-8B48-13CA7647CED5}.Release|Any CPU.ActiveCfg = Release|Any CPU
		{89F4875B-FDFB-4B83-8B48-13CA7647CED5}.Release|Any CPU.Build.0 = Release|Any CPU
		{85ECD2EE-54D9-4821-95C7-253FCB3630F9}.Debug|Any CPU.ActiveCfg = Debug|Any CPU
		{85ECD2EE-54D9-4821-95C7-253FCB3630F9}.Debug|Any CPU.Build.0 = Debug|Any CPU
		{85ECD2EE-54D9-4821-95C7-253FCB3630F9}.Release|Any CPU.ActiveCfg = Release|Any CPU
		{85ECD2EE-54D9-4821-95C7-253FCB3630F9}.Release|Any CPU.Build.0 = Release|Any CPU
		{FA622A47-CEF2-4DF8-83A0-743CFF5D4A70}.Debug|Any CPU.ActiveCfg = Debug|Any CPU
		{FA622A47-CEF2-4DF8-83A0-743CFF5D4A70}.Debug|Any CPU.Build.0 = Debug|Any CPU
		{FA622A47-CEF2-4DF8-83A0-743CFF5D4A70}.Release|Any CPU.ActiveCfg = Release|Any CPU
		{FA622A47-CEF2-4DF8-83A0-743CFF5D4A70}.Release|Any CPU.Build.0 = Release|Any CPU
	EndGlobalSection
	GlobalSection(SolutionProperties) = preSolution
		HideSolutionNode = FALSE
	EndGlobalSection
	GlobalSection(ExtensibilityGlobals) = postSolution
		SolutionGuid = {65524F39-EFD8-40E7-A66D-5DD98412D1D9}
	EndGlobalSection
EndGlobal
