
Microsoft Visual Studio Solution File, Format Version 12.00
# Visual Studio Version 17
VisualStudioVersion = 17.11.35219.272
MinimumVisualStudioVersion = 10.0.40219.1
Project("{FAE04EC0-301F-11D3-BF4B-00C04F79EFBC}") = "ConsoleApp1", "ConsoleApp1\ConsoleApp1.csproj", "{054A76A7-0B0B-4B8E-AD3E-2B63766805F3}"
EndProject
Global
	GlobalSection(SolutionConfigurationPlatforms) = preSolution
		Debug|Any CPU = Debug|Any CPU
		Release|Any CPU = Release|Any CPU
	EndGlobalSection
	GlobalSection(ProjectConfigurationPlatforms) = postSolution
		{054A76A7-0B0B-4B8E-AD3E-2B63766805F3}.Debug|Any CPU.ActiveCfg = Debug|Any CPU
		{054A76A7-0B0B-4B8E-AD3E-2B63766805F3}.Debug|Any CPU.Build.0 = Debug|Any CPU
		{054A76A7-0B0B-4B8E-AD3E-2B63766805F3}.Release|Any CPU.ActiveCfg = Release|Any CPU
		{054A76A7-0B0B-4B8E-AD3E-2B63766805F3}.Release|Any CPU.Build.0 = Release|Any CPU
	EndGlobalSection
	GlobalSection(SolutionProperties) = preSolution
		HideSolutionNode = FALSE
	EndGlobalSection
	GlobalSection(ExtensibilityGlobals) = postSolution
		SolutionGuid = {F2D09182-B06F-4EC6-996D-0352DA45D14C}
	EndGlobalSection
EndGlobal
